<?xml version="1.0" encoding="utf-8"?>
<Project ToolsVersion="4.0" xmlns="http://schemas.microsoft.com/developer/msbuild/2003">
  <ItemGroup>
    <ClInclude Include="include\xVTF\xVTF.h" />
    <ClInclude Include="include\xVTF\xExports.h" />
    <ClInclude Include="include\xVTF\xVTFFile.h" />
    <ClInclude Include="include\xVTF\xCodecs.h" />
    <ClInclude Include="include\xVTF\xImageFile.h" />
  </ItemGroup>
  <ItemGroup>
    <ClCompile Include="src\xVTFFile.cpp" />
    <ClCompile Include="src\xCodecs.cpp" />
    <ClCompile Include="src\xImageFile.cpp" />
  </ItemGroup>
</Project>